
Microsoft Visual Studio Solution File, Format Version 12.00
# Visual Studio 15
VisualStudioVersion = 15.0.28307.168
MinimumVisualStudioVersion = 10.0.40219.1
Project("{FAE04EC0-301F-11D3-BF4B-00C04F79EFBC}") = "C0732121", "C0732121\C0732121.csproj", "{628404F6-73C1-4510-893F-A924F766C51B}"
EndProject
Global
	GlobalSection(SolutionConfigurationPlatforms) = preSolution
		Debug|Any CPU = Debug|Any CPU
		Release|Any CPU = Release|Any CPU
	EndGlobalSection
	GlobalSection(ProjectConfigurationPlatforms) = postSolution
		{628404F6-73C1-4510-893F-A924F766C51B}.Debug|Any CPU.ActiveCfg = Debug|Any CPU
		{628404F6-73C1-4510-893F-A924F766C51B}.Debug|Any CPU.Build.0 = Debug|Any CPU
		{628404F6-73C1-4510-893F-A924F766C51B}.Release|Any CPU.ActiveCfg = Release|Any CPU
		{628404F6-73C1-4510-893F-A924F766C51B}.Release|Any CPU.Build.0 = Release|Any CPU
	EndGlobalSection
	GlobalSection(SolutionProperties) = preSolution
		HideSolutionNode = FALSE
	EndGlobalSection
	GlobalSection(ExtensibilityGlobals) = postSolution
		SolutionGuid = {2C53CC6A-6EE8-498B-89FA-3F0E94FAAC81}
	EndGlobalSection
EndGlobal
